<?xml version="1.0" encoding="utf-8"?>
<Project ToolsVersion="4.0" xmlns="http://schemas.microsoft.com/developer/msbuild/2003">
  <ItemGroup>
    <ClInclude Include="Camera.h" />
    <ClInclude Include="GameObject.h" />
    <ClInclude Include="GameplayUtility.h" />
    <ClInclude Include="Ground.h" />
    <ClInclude Include="MoveableCube.h" />
  </ItemGroup>
  <ItemGroup>
    <ClCompile Include="Camera.cpp" />
    <ClCompile Include="GameObjectManagement.cpp" />
    <ClCompile Include="GameplayUtility.cpp" />
    <ClCompile Include="MoveableCube.cpp" />
  </ItemGroup>
</Project>